
Microsoft Visual Studio Solution File, Format Version 12.00
# Visual Studio Version 16
VisualStudioVersion = 16.0.29709.97
MinimumVisualStudioVersion = 10.0.40219.1
Project("{FAE04EC0-301F-11D3-BF4B-00C04F79EFBC}") = "P04.DesignPattern", "P04.DesignPattern\P04.DesignPattern.csproj", "{6325B9F1-99AB-4ECB-AAE0-8620389F3B10}"
EndProject
Project("{FAE04EC0-301F-11D3-BF4B-00C04F79EFBC}") = "P04.Model", "P04.Model\P04.Model.csproj", "{697FFDEB-FD42-4CCE-84DD-FDC3EF231620}"
EndProject
Project("{FAE04EC0-301F-11D3-BF4B-00C04F79EFBC}") = "P04.Helper", "P04.Helper\P04.Helper.csproj", "{CD6338B4-B0D4-4C06-BC1E-683CA2B4C3DA}"
EndProject
Project("{FAE04EC0-301F-11D3-BF4B-00C04F79EFBC}") = "P04.SimpleFactory", "P04.SimpleFactory\P04.SimpleFactory.csproj", "{54742A22-9CFB-4417-B1C0-ADC662C32FDF}"
EndProject
Project("{FAE04EC0-301F-11D3-BF4B-00C04F79EFBC}") = "P04.FactoryMethod", "P04.FactoryMethod\P04.FactoryMethod.csproj", "{88B923B7-ABCD-4649-B928-81307042AD6E}"
EndProject
Project("{FAE04EC0-301F-11D3-BF4B-00C04F79EFBC}") = "P04.AbstractFactory", "P04.AbstractFactory\P04.AbstractFactory.csproj", "{925191AA-28B3-42DC-AD92-31584117ACC8}"
EndProject
Project("{FAE04EC0-301F-11D3-BF4B-00C04F79EFBC}") = "P04.Interface", "P04.Interface\P04.Interface.csproj", "{48CACDBE-C2FF-451B-9A5B-4D230A4AFF60}"
EndProject
Project("{FAE04EC0-301F-11D3-BF4B-00C04F79EFBC}") = "P04.Decorator", "P04.Decorator\P04.Decorator.csproj", "{7BCC7316-E23C-4A05-9644-316A61373334}"
EndProject
Global
	GlobalSection(SolutionConfigurationPlatforms) = preSolution
		Debug|Any CPU = Debug|Any CPU
		Release|Any CPU = Release|Any CPU
	EndGlobalSection
	GlobalSection(ProjectConfigurationPlatforms) = postSolution
		{6325B9F1-99AB-4ECB-AAE0-8620389F3B10}.Debug|Any CPU.ActiveCfg = Debug|Any CPU
		{6325B9F1-99AB-4ECB-AAE0-8620389F3B10}.Debug|Any CPU.Build.0 = Debug|Any CPU
		{6325B9F1-99AB-4ECB-AAE0-8620389F3B10}.Release|Any CPU.ActiveCfg = Release|Any CPU
		{6325B9F1-99AB-4ECB-AAE0-8620389F3B10}.Release|Any CPU.Build.0 = Release|Any CPU
		{697FFDEB-FD42-4CCE-84DD-FDC3EF231620}.Debug|Any CPU.ActiveCfg = Debug|Any CPU
		{697FFDEB-FD42-4CCE-84DD-FDC3EF231620}.Debug|Any CPU.Build.0 = Debug|Any CPU
		{697FFDEB-FD42-4CCE-84DD-FDC3EF231620}.Release|Any CPU.ActiveCfg = Release|Any CPU
		{697FFDEB-FD42-4CCE-84DD-FDC3EF231620}.Release|Any CPU.Build.0 = Release|Any CPU
		{CD6338B4-B0D4-4C06-BC1E-683CA2B4C3DA}.Debug|Any CPU.ActiveCfg = Debug|Any CPU
		{CD6338B4-B0D4-4C06-BC1E-683CA2B4C3DA}.Debug|Any CPU.Build.0 = Debug|Any CPU
		{CD6338B4-B0D4-4C06-BC1E-683CA2B4C3DA}.Release|Any CPU.ActiveCfg = Release|Any CPU
		{CD6338B4-B0D4-4C06-BC1E-683CA2B4C3DA}.Release|Any CPU.Build.0 = Release|Any CPU
		{54742A22-9CFB-4417-B1C0-ADC662C32FDF}.Debug|Any CPU.ActiveCfg = Debug|Any CPU
		{54742A22-9CFB-4417-B1C0-ADC662C32FDF}.Debug|Any CPU.Build.0 = Debug|Any CPU
		{54742A22-9CFB-4417-B1C0-ADC662C32FDF}.Release|Any CPU.ActiveCfg = Release|Any CPU
		{54742A22-9CFB-4417-B1C0-ADC662C32FDF}.Release|Any CPU.Build.0 = Release|Any CPU
		{88B923B7-ABCD-4649-B928-81307042AD6E}.Debug|Any CPU.ActiveCfg = Debug|Any CPU
		{88B923B7-ABCD-4649-B928-81307042AD6E}.Debug|Any CPU.Build.0 = Debug|Any CPU
		{88B923B7-ABCD-4649-B928-81307042AD6E}.Release|Any CPU.ActiveCfg = Release|Any CPU
		{88B923B7-ABCD-4649-B928-81307042AD6E}.Release|Any CPU.Build.0 = Release|Any CPU
		{925191AA-28B3-42DC-AD92-31584117ACC8}.Debug|Any CPU.ActiveCfg = Debug|Any CPU
		{925191AA-28B3-42DC-AD92-31584117ACC8}.Debug|Any CPU.Build.0 = Debug|Any CPU
		{925191AA-28B3-42DC-AD92-31584117ACC8}.Release|Any CPU.ActiveCfg = Release|Any CPU
		{925191AA-28B3-42DC-AD92-31584117ACC8}.Release|Any CPU.Build.0 = Release|Any CPU
		{48CACDBE-C2FF-451B-9A5B-4D230A4AFF60}.Debug|Any CPU.ActiveCfg = Debug|Any CPU
		{48CACDBE-C2FF-451B-9A5B-4D230A4AFF60}.Debug|Any CPU.Build.0 = Debug|Any CPU
		{48CACDBE-C2FF-451B-9A5B-4D230A4AFF60}.Release|Any CPU.ActiveCfg = Release|Any CPU
		{48CACDBE-C2FF-451B-9A5B-4D230A4AFF60}.Release|Any CPU.Build.0 = Release|Any CPU
		{7BCC7316-E23C-4A05-9644-316A61373334}.Debug|Any CPU.ActiveCfg = Debug|Any CPU
		{7BCC7316-E23C-4A05-9644-316A61373334}.Debug|Any CPU.Build.0 = Debug|Any CPU
		{7BCC7316-E23C-4A05-9644-316A61373334}.Release|Any CPU.ActiveCfg = Release|Any CPU
		{7BCC7316-E23C-4A05-9644-316A61373334}.Release|Any CPU.Build.0 = Release|Any CPU
	EndGlobalSection
	GlobalSection(SolutionProperties) = preSolution
		HideSolutionNode = FALSE
	EndGlobalSection
	GlobalSection(ExtensibilityGlobals) = postSolution
		SolutionGuid = {CF5E95B9-0C44-4925-BF35-955426875AF3}
	EndGlobalSection
EndGlobal
